
Microsoft Visual Studio Solution File, Format Version 12.00
# Visual Studio 14
VisualStudioVersion = 14.0.25123.0
MinimumVisualStudioVersion = 10.0.40219.1
Project("{FAE04EC0-301F-11D3-BF4B-00C04F79EFBC}") = "HardwareCollector", "HardwareCollector\HardwareCollector.csproj", "{C0BB0196-BA65-4EEE-8CD3-94FB3E34F452}"
EndProject
Project("{FAE04EC0-301F-11D3-BF4B-00C04F79EFBC}") = "HardwareCollectorService", "HardwareCollectorService\HardwareCollectorService.csproj", "{56E29F57-5B28-4AD0-8531-157FBAB245D0}"
EndProject
Project("{930C7802-8A8C-48F9-8165-68863BCCD9DD}") = "HardwareCollectorInstaller", "HardwareCollectorInstaller\HardwareCollectorInstaller.wixproj", "{46DE14F2-BD2A-4702-9E64-A48D1CD2E25A}"
EndProject
Project("{FAE04EC0-301F-11D3-BF4B-00C04F79EFBC}") = "HardwareCollectorCustomAction", "HardwareCollectorCustomAction\HardwareCollectorCustomAction.csproj", "{AEF8A12C-F256-4FCF-A19B-5BB052EDD780}"
EndProject
Global
	GlobalSection(SolutionConfigurationPlatforms) = preSolution
		Debug|Any CPU = Debug|Any CPU
		Debug|x86 = Debug|x86
		Release|Any CPU = Release|Any CPU
		Release|x86 = Release|x86
	EndGlobalSection
	GlobalSection(ProjectConfigurationPlatforms) = postSolution
		{C0BB0196-BA65-4EEE-8CD3-94FB3E34F452}.Debug|Any CPU.ActiveCfg = Debug|Any CPU
		{C0BB0196-BA65-4EEE-8CD3-94FB3E34F452}.Debug|Any CPU.Build.0 = Debug|Any CPU
		{C0BB0196-BA65-4EEE-8CD3-94FB3E34F452}.Debug|x86.ActiveCfg = Debug|Any CPU
		{C0BB0196-BA65-4EEE-8CD3-94FB3E34F452}.Debug|x86.Build.0 = Debug|Any CPU
		{C0BB0196-BA65-4EEE-8CD3-94FB3E34F452}.Release|Any CPU.ActiveCfg = Release|Any CPU
		{C0BB0196-BA65-4EEE-8CD3-94FB3E34F452}.Release|Any CPU.Build.0 = Release|Any CPU
		{C0BB0196-BA65-4EEE-8CD3-94FB3E34F452}.Release|x86.ActiveCfg = Release|Any CPU
		{C0BB0196-BA65-4EEE-8CD3-94FB3E34F452}.Release|x86.Build.0 = Release|Any CPU
		{56E29F57-5B28-4AD0-8531-157FBAB245D0}.Debug|Any CPU.ActiveCfg = Debug|Any CPU
		{56E29F57-5B28-4AD0-8531-157FBAB245D0}.Debug|Any CPU.Build.0 = Debug|Any CPU
		{56E29F57-5B28-4AD0-8531-157FBAB245D0}.Debug|x86.ActiveCfg = Debug|Any CPU
		{56E29F57-5B28-4AD0-8531-157FBAB245D0}.Debug|x86.Build.0 = Debug|Any CPU
		{56E29F57-5B28-4AD0-8531-157FBAB245D0}.Release|Any CPU.ActiveCfg = Release|Any CPU
		{56E29F57-5B28-4AD0-8531-157FBAB245D0}.Release|Any CPU.Build.0 = Release|Any CPU
		{56E29F57-5B28-4AD0-8531-157FBAB245D0}.Release|x86.ActiveCfg = Release|Any CPU
		{56E29F57-5B28-4AD0-8531-157FBAB245D0}.Release|x86.Build.0 = Release|Any CPU
		{46DE14F2-BD2A-4702-9E64-A48D1CD2E25A}.Debug|Any CPU.ActiveCfg = Debug|x86
		{46DE14F2-BD2A-4702-9E64-A48D1CD2E25A}.Debug|x86.ActiveCfg = Debug|x86
		{46DE14F2-BD2A-4702-9E64-A48D1CD2E25A}.Debug|x86.Build.0 = Debug|x86
		{46DE14F2-BD2A-4702-9E64-A48D1CD2E25A}.Release|Any CPU.ActiveCfg = Release|x86
		{46DE14F2-BD2A-4702-9E64-A48D1CD2E25A}.Release|x86.ActiveCfg = Release|x86
		{46DE14F2-BD2A-4702-9E64-A48D1CD2E25A}.Release|x86.Build.0 = Release|x86
		{AEF8A12C-F256-4FCF-A19B-5BB052EDD780}.Debug|Any CPU.ActiveCfg = Debug|x86
		{AEF8A12C-F256-4FCF-A19B-5BB052EDD780}.Debug|x86.ActiveCfg = Debug|x86
		{AEF8A12C-F256-4FCF-A19B-5BB052EDD780}.Debug|x86.Build.0 = Debug|x86
		{AEF8A12C-F256-4FCF-A19B-5BB052EDD780}.Release|Any CPU.ActiveCfg = Release|x86
		{AEF8A12C-F256-4FCF-A19B-5BB052EDD780}.Release|x86.ActiveCfg = Release|x86
		{AEF8A12C-F256-4FCF-A19B-5BB052EDD780}.Release|x86.Build.0 = Release|x86
	EndGlobalSection
	GlobalSection(SolutionProperties) = preSolution
		HideSolutionNode = FALSE
	EndGlobalSection
EndGlobal
